// !$*UTF8*$!
{
	archiveVersion = 1;
	classes = {
	};
	objectVersion = 77;
	objects = {

/* Begin PBXContainerItemProxy section */
		39C1FAAD2D6D7254001564B3 /* PBXContainerItemProxy */ = {
			isa = PBXContainerItemProxy;
			containerPortal = 39C1FA912D6D7253001564B3 /* Project object */;
			proxyType = 1;
			remoteGlobalIDString = 39C1FA982D6D7253001564B3;
			remoteInfo = Gridiron;
		};
		39C1FAB72D6D7254001564B3 /* PBXContainerItemProxy */ = {
			isa = PBXContainerItemProxy;
			containerPortal = 39C1FA912D6D7253001564B3 /* Project object */;
			proxyType = 1;
			remoteGlobalIDString = 39C1FA982D6D7253001564B3;
			remoteInfo = Gridiron;
		};
/* End PBXContainerItemProxy section */

/* Begin PBXFileReference section */
		39C1FA992D6D7253001564B3 /* Gridiron.app */ = {isa = PBXFileReference; explicitFileType = wrapper.application; includeInIndex = 0; path = Gridiron.app; sourceTree = BUILT_PRODUCTS_DIR; };
		39C1FAAC2D6D7254001564B3 /* GridironTests.xctest */ = {isa = PBXFileReference; explicitFileType = wrapper.cfbundle; includeInIndex = 0; path = GridironTests.xctest; sourceTree = BUILT_PRODUCTS_DIR; };
		39C1FAB62D6D7254001564B3 /* GridironUITests.xctest */ = {isa = PBXFileReference; explicitFileType = wrapper.cfbundle; includeInIndex = 0; path = GridironUITests.xctest; sourceTree = BUILT_PRODUCTS_DIR; };
/* End PBXFileReference section */

/* Begin PBXFileSystemSynchronizedRootGroup section */
		39C1FA9B2D6D7253001564B3 /* Gridiron */ = {
			isa = PBXFileSystemSynchronizedRootGroup;
			path = Gridiron;
			sourceTree = "<group>";
		};
		39C1FAAF2D6D7254001564B3 /* GridironTests */ = {
			isa = PBXFileSystemSynchronizedRootGroup;
			path = GridironTests;
			sourceTree = "<group>";
		};
		39C1FAB92D6D7254001564B3 /* GridironUITests */ = {
			isa = PBXFileSystemSynchronizedRootGroup;
			path = GridironUITests;
			sourceTree = "<group>";
		};
/* End PBXFileSystemSynchronizedRootGroup section */

/* Begin PBXFrameworksBuildPhase section */
		39C1FA962D6D7253001564B3 /* Frameworks */ = {
			isa = PBXFrameworksBuildPhase;
			buildActionMask = 2147483647;
			files = (
			);
			runOnlyForDeploymentPostprocessing = 0;
		};
		39C1FAA92D6D7254001564B3 /* Frameworks */ = {
			isa = PBXFrameworksBuildPhase;
			buildActionMask = 2147483647;
			files = (
			);
			runOnlyForDeploymentPostprocessing = 0;
		};
		39C1FAB32D6D7254001564B3 /* Frameworks */ = {
			isa = PBXFrameworksBuildPhase;
			buildActionMask = 2147483647;
			files = (
			);
			runOnlyForDeploymentPostprocessing = 0;
		};
/* End PBXFrameworksBuildPhase section */

/* Begin PBXGroup section */
		39C1FA902D6D7253001564B3 = {
			isa = PBXGroup;
			children = (
				39C1FA9B2D6D7253001564B3 /* Gridiron */,
				39C1FAAF2D6D7254001564B3 /* GridironTests */,
				39C1FAB92D6D7254001564B3 /* GridironUITests */,
				39C1FA9A2D6D7253001564B3 /* Products */,
			);
			sourceTree = "<group>";
		};
		39C1FA9A2D6D7253001564B3 /* Products */ = {
			isa = PBXGroup;
			children = (
				39C1FA992D6D7253001564B3 /* Gridiron.app */,
				39C1FAAC2D6D7254001564B3 /* GridironTests.xctest */,
				39C1FAB62D6D7254001564B3 /* GridironUITests.xctest */,
			);
			name = Products;
			sourceTree = "<group>";
		};
/* End PBXGroup section */

/* Begin PBXNativeTarget section */
		39C1FA982D6D7253001564B3 /* Gridiron */ = {
			isa = PBXNativeTarget;
			buildConfigurationList = 39C1FAC02D6D7254001564B3 /* Build configuration list for PBXNativeTarget "Gridiron" */;
			buildPhases = (
				39C1FA952D6D7253001564B3 /* Sources */,
				39C1FA962D6D7253001564B3 /* Frameworks */,
				39C1FA972D6D7253001564B3 /* Resources */,
			);
			buildRules = (
			);
			dependencies = (
			);
			fileSystemSynchronizedGroups = (
				39C1FA9B2D6D7253001564B3 /* Gridiron */,
			);
			name = Gridiron;
			packageProductDependencies = (
			);
			productName = Gridiron;
			productReference = 39C1FA992D6D7253001564B3 /* Gridiron.app */;
			productType = "com.apple.product-type.application";
		};
		39C1FAAB2D6D7254001564B3 /* GridironTests */ = {
			isa = PBXNativeTarget;
			buildConfigurationList = 39C1FAC32D6D7254001564B3 /* Build configuration list for PBXNativeTarget "GridironTests" */;
			buildPhases = (
				39C1FAA82D6D7254001564B3 /* Sources */,
				39C1FAA92D6D7254001564B3 /* Frameworks */,
				39C1FAAA2D6D7254001564B3 /* Resources */,
			);
			buildRules = (
			);
			dependencies = (
				39C1FAAE2D6D7254001564B3 /* PBXTargetDependency */,
			);
			fileSystemSynchronizedGroups = (
				39C1FAAF2D6D7254001564B3 /* GridironTests */,
			);
			name = GridironTests;
			packageProductDependencies = (
			);
			productName = GridironTests;
			productReference = 39C1FAAC2D6D7254001564B3 /* GridironTests.xctest */;
			productType = "com.apple.product-type.bundle.unit-test";
		};
		39C1FAB52D6D7254001564B3 /* GridironUITests */ = {
			isa = PBXNativeTarget;
			buildConfigurationList = 39C1FAC62D6D7254001564B3 /* Build configuration list for PBXNativeTarget "GridironUITests" */;
			buildPhases = (
				39C1FAB22D6D7254001564B3 /* Sources */,
				39C1FAB32D6D7254001564B3 /* Frameworks */,
				39C1FAB42D6D7254001564B3 /* Resources */,
			);
			buildRules = (
			);
			dependencies = (
				39C1FAB82D6D7254001564B3 /* PBXTargetDependency */,
			);
			fileSystemSynchronizedGroups = (
				39C1FAB92D6D7254001564B3 /* GridironUITests */,
			);
			name = GridironUITests;
			packageProductDependencies = (
			);
			productName = GridironUITests;
			productReference = 39C1FAB62D6D7254001564B3 /* GridironUITests.xctest */;
			productType = "com.apple.product-type.bundle.ui-testing";
		};
/* End PBXNativeTarget section */

/* Begin PBXProject section */
		39C1FA912D6D7253001564B3 /* Project object */ = {
			isa = PBXProject;
			attributes = {
				BuildIndependentTargetsInParallel = 1;
				LastSwiftUpdateCheck = 1620;
				LastUpgradeCheck = 1620;
				TargetAttributes = {
					39C1FA982D6D7253001564B3 = {
						CreatedOnToolsVersion = 16.2;
					};
					39C1FAAB2D6D7254001564B3 = {
						CreatedOnToolsVersion = 16.2;
						TestTargetID = 39C1FA982D6D7253001564B3;
					};
					39C1FAB52D6D7254001564B3 = {
						CreatedOnToolsVersion = 16.2;
						TestTargetID = 39C1FA982D6D7253001564B3;
					};
				};
			};
			buildConfigurationList = 39C1FA942D6D7253001564B3 /* Build configuration list for PBXProject "Gridiron" */;
			developmentRegion = en;
			hasScannedForEncodings = 0;
			knownRegions = (
				en,
				Base,
			);
			mainGroup = 39C1FA902D6D7253001564B3;
			minimizedProjectReferenceProxies = 1;
			preferredProjectObjectVersion = 77;
			productRefGroup = 39C1FA9A2D6D7253001564B3 /* Products */;
			projectDirPath = "";
			projectRoot = "";
			targets = (
				39C1FA982D6D7253001564B3 /* Gridiron */,
				39C1FAAB2D6D7254001564B3 /* GridironTests */,
				39C1FAB52D6D7254001564B3 /* GridironUITests */,
			);
		};
/* End PBXProject section */

/* Begin PBXResourcesBuildPhase section */
		39C1FA972D6D7253001564B3 /* Resources */ = {
			isa = PBXResourcesBuildPhase;
			buildActionMask = 2147483647;
			files = (
			);
			runOnlyForDeploymentPostprocessing = 0;
		};
		39C1FAAA2D6D7254001564B3 /* Resources */ = {
			isa = PBXResourcesBuildPhase;
			buildActionMask = 2147483647;
			files = (
			);
			runOnlyForDeploymentPostprocessing = 0;
		};
		39C1FAB42D6D7254001564B3 /* Resources */ = {
			isa = PBXResourcesBuildPhase;
			buildActionMask = 2147483647;
			files = (
			);
			runOnlyForDeploymentPostprocessing = 0;
		};
/* End PBXResourcesBuildPhase section */

/* Begin PBXSourcesBuildPhase section */
		39C1FA952D6D7253001564B3 /* Sources */ = {
			isa = PBXSourcesBuildPhase;
			buildActionMask = 2147483647;
			files = (
			);
			runOnlyForDeploymentPostprocessing = 0;
		};
		39C1FAA82D6D7254001564B3 /* Sources */ = {
			isa = PBXSourcesBuildPhase;
			buildActionMask = 2147483647;
			files = (
			);
			runOnlyForDeploymentPostprocessing = 0;
		};
		39C1FAB22D6D7254001564B3 /* Sources */ = {
			isa = PBXSourcesBuildPhase;
			buildActionMask = 2147483647;
			files = (
			);
			runOnlyForDeploymentPostprocessing = 0;
		};
/* End PBXSourcesBuildPhase section */

/* Begin PBXTargetDependency section */
		39C1FAAE2D6D7254001564B3 /* PBXTargetDependency */ = {
			isa = PBXTargetDependency;
			target = 39C1FA982D6D7253001564B3 /* Gridiron */;
			targetProxy = 39C1FAAD2D6D7254001564B3 /* PBXContainerItemProxy */;
		};
		39C1FAB82D6D7254001564B3 /* PBXTargetDependency */ = {
			isa = PBXTargetDependency;
			target = 39C1FA982D6D7253001564B3 /* Gridiron */;
			targetProxy = 39C1FAB72D6D7254001564B3 /* PBXContainerItemProxy */;
		};
/* End PBXTargetDependency section */

/* Begin XCBuildConfiguration section */
		39C1FABE2D6D7254001564B3 /* Debug */ = {
			isa = XCBuildConfiguration;
			buildSettings = {
				ALWAYS_SEARCH_USER_PATHS = NO;
				ASSETCATALOG_COMPILER_GENERATE_SWIFT_ASSET_SYMBOL_EXTENSIONS = YES;
				CLANG_ANALYZER_NONNULL = YES;
				CLANG_ANALYZER_NUMBER_OBJECT_CONVERSION = YES_AGGRESSIVE;
				CLANG_CXX_LANGUAGE_STANDARD = "gnu++20";
				CLANG_ENABLE_MODULES = YES;
				CLANG_ENABLE_OBJC_ARC = YES;
				CLANG_ENABLE_OBJC_WEAK = YES;
				CLANG_WARN_BLOCK_CAPTURE_AUTORELEASING = YES;
				CLANG_WARN_BOOL_CONVERSION = YES;
				CLANG_WARN_COMMA = YES;
				CLANG_WARN_CONSTANT_CONVERSION = YES;
				CLANG_WARN_DEPRECATED_OBJC_IMPLEMENTATIONS = YES;
				CLANG_WARN_DIRECT_OBJC_ISA_USAGE = YES_ERROR;
				CLANG_WARN_DOCUMENTATION_COMMENTS = YES;
				CLANG_WARN_EMPTY_BODY = YES;
				CLANG_WARN_ENUM_CONVERSION = YES;
				CLANG_WARN_INFINITE_RECURSION = YES;
				CLANG_WARN_INT_CONVERSION = YES;
				CLANG_WARN_NON_LITERAL_NULL_CONVERSION = YES;
				CLANG_WARN_OBJC_IMPLICIT_RETAIN_SELF = YES;
				CLANG_WARN_OBJC_LITERAL_CONVERSION = YES;
				CLANG_WARN_OBJC_ROOT_CLASS = YES_ERROR;
				CLANG_WARN_QUOTED_INCLUDE_IN_FRAMEWORK_HEADER = YES;
				CLANG_WARN_RANGE_LOOP_ANALYSIS = YES;
				CLANG_WARN_STRICT_PROTOTYPES = YES;
				CLANG_WARN_SUSPICIOUS_MOVE = YES;
				CLANG_WARN_UNGUARDED_AVAILABILITY = YES_AGGRESSIVE;
				CLANG_WARN_UNREACHABLE_CODE = YES;
				CLANG_WARN__DUPLICATE_METHOD_MATCH = YES;
				COPY_PHASE_STRIP = NO;
				DEBUG_INFORMATION_FORMAT = dwarf;
				ENABLE_STRICT_OBJC_MSGSEND = YES;
				ENABLE_TESTABILITY = YES;
				ENABLE_USER_SCRIPT_SANDBOXING = YES;
				GCC_C_LANGUAGE_STANDARD = gnu17;
				GCC_DYNAMIC_NO_PIC = NO;
				GCC_NO_COMMON_BLOCKS = YES;
				GCC_OPTIMIZATION_LEVEL = 0;
				GCC_PREPROCESSOR_DEFINITIONS = (
					"DEBUG=1",
					"$(inherited)",
				);
				GCC_WARN_64_TO_32_BIT_CONVERSION = YES;
				GCC_WARN_ABOUT_RETURN_TYPE = YES_ERROR;
				GCC_WARN_UNDECLARED_SELECTOR = YES;
				GCC_WARN_UNINITIALIZED_AUTOS = YES_AGGRESSIVE;
				GCC_WARN_UNUSED_FUNCTION = YES;
				GCC_WARN_UNUSED_VARIABLE = YES;
				LOCALIZATION_PREFERS_STRING_CATALOGS = YES;
				MACOSX_DEPLOYMENT_TARGET = 15.2;
				MTL_ENABLE_DEBUG_INFO = INCLUDE_SOURCE;
				MTL_FAST_MATH = YES;
				ONLY_ACTIVE_ARCH = YES;
				SDKROOT = macosx;
				SWIFT_ACTIVE_COMPILATION_CONDITIONS = "DEBUG $(inherited)";
				SWIFT_OPTIMIZATION_LEVEL = "-Onone";
			};
			name = Debug;
		};
		39C1FABF2D6D7254001564B3 /* Release */ = {
			isa = XCBuildConfiguration;
			buildSettings = {
				ALWAYS_SEARCH_USER_PATHS = NO;
				ASSETCATALOG_COMPILER_GENERATE_SWIFT_ASSET_SYMBOL_EXTENSIONS = YES;
				CLANG_ANALYZER_NONNULL = YES;
				CLANG_ANALYZER_NUMBER_OBJECT_CONVERSION = YES_AGGRESSIVE;
				CLANG_CXX_LANGUAGE_STANDARD = "gnu++20";
				CLANG_ENABLE_MODULES = YES;
				CLANG_ENABLE_OBJC_ARC = YES;
				CLANG_ENABLE_OBJC_WEAK = YES;
				CLANG_WARN_BLOCK_CAPTURE_AUTORELEASING = YES;
				CLANG_WARN_BOOL_CONVERSION = YES;
				CLANG_WARN_COMMA = YES;
				CLANG_WARN_CONSTANT_CONVERSION = YES;
				CLANG_WARN_DEPRECATED_OBJC_IMPLEMENTATIONS = YES;
				CLANG_WARN_DIRECT_OBJC_ISA_USAGE = YES_ERROR;
				CLANG_WARN_DOCUMENTATION_COMMENTS = YES;
				CLANG_WARN_EMPTY_BODY = YES;
				CLANG_WARN_ENUM_CONVERSION = YES;
				CLANG_WARN_INFINITE_RECURSION = YES;
				CLANG_WARN_INT_CONVERSION = YES;
				CLANG_WARN_NON_LITERAL_NULL_CONVERSION = YES;
				CLANG_WARN_OBJC_IMPLICIT_RETAIN_SELF = YES;
				CLANG_WARN_OBJC_LITERAL_CONVERSION = YES;
				CLANG_WARN_OBJC_ROOT_CLASS = YES_ERROR;
				CLANG_WARN_QUOTED_INCLUDE_IN_FRAMEWORK_HEADER = YES;
				CLANG_WARN_RANGE_LOOP_ANALYSIS = YES;
				CLANG_WARN_STRICT_PROTOTYPES = YES;
				CLANG_WARN_SUSPICIOUS_MOVE = YES;
				CLANG_WARN_UNGUARDED_AVAILABILITY = YES_AGGRESSIVE;
				CLANG_WARN_UNREACHABLE_CODE = YES;
				CLANG_WARN__DUPLICATE_METHOD_MATCH = YES;
				COPY_PHASE_STRIP = NO;
				DEBUG_INFORMATION_FORMAT = "dwarf-with-dsym";
				ENABLE_NS_ASSERTIONS = NO;
				ENABLE_STRICT_OBJC_MSGSEND = YES;
				ENABLE_USER_SCRIPT_SANDBOXING = YES;
				GCC_C_LANGUAGE_STANDARD = gnu17;
				GCC_NO_COMMON_BLOCKS = YES;
				GCC_WARN_64_TO_32_BIT_CONVERSION = YES;
				GCC_WARN_ABOUT_RETURN_TYPE = YES_ERROR;
				GCC_WARN_UNDECLARED_SELECTOR = YES;
				GCC_WARN_UNINITIALIZED_AUTOS = YES_AGGRESSIVE;
				GCC_WARN_UNUSED_FUNCTION = YES;
				GCC_WARN_UNUSED_VARIABLE = YES;
				LOCALIZATION_PREFERS_STRING_CATALOGS = YES;
				MACOSX_DEPLOYMENT_TARGET = 15.2;
				MTL_ENABLE_DEBUG_INFO = NO;
				MTL_FAST_MATH = YES;
				SDKROOT = macosx;
				SWIFT_COMPILATION_MODE = wholemodule;
			};
			name = Release;
		};
		39C1FAC12D6D7254001564B3 /* Debug */ = {
			isa = XCBuildConfiguration;
			buildSettings = {
				ASSETCATALOG_COMPILER_APPICON_NAME = AppIcon;
				ASSETCATALOG_COMPILER_GLOBAL_ACCENT_COLOR_NAME = AccentColor;
				CODE_SIGN_ENTITLEMENTS = Gridiron/Gridiron.entitlements;
				CODE_SIGN_STYLE = Automatic;
				COMBINE_HIDPI_IMAGES = YES;
				CURRENT_PROJECT_VERSION = 1;
				DEVELOPMENT_ASSET_PATHS = "\"Gridiron/Preview Content\"";
				DEVELOPMENT_TEAM = DHN7ZP829E;
				ENABLE_HARDENED_RUNTIME = YES;
				ENABLE_PREVIEWS = YES;
				GENERATE_INFOPLIST_FILE = YES;
				INFOPLIST_KEY_NSHumanReadableCopyright = "";
				LD_RUNPATH_SEARCH_PATHS = (
					"$(inherited)",
					"@executable_path/../Frameworks",
				);
				MACOSX_DEPLOYMENT_TARGET = 14.0;
				MARKETING_VERSION = 1.0;
				PRODUCT_BUNDLE_IDENTIFIER = DHN7ZP829E.Gridiron;
				PRODUCT_NAME = "$(TARGET_NAME)";
				SWIFT_EMIT_LOC_STRINGS = YES;
				SWIFT_VERSION = 5.0;
			};
			name = Debug;
		};
		39C1FAC22D6D7254001564B3 /* Release */ = {
			isa = XCBuildConfiguration;
			buildSettings = {
				ASSETCATALOG_COMPILER_APPICON_NAME = AppIcon;
				ASSETCATALOG_COMPILER_GLOBAL_ACCENT_COLOR_NAME = AccentColor;
				CODE_SIGN_ENTITLEMENTS = Gridiron/Gridiron.entitlements;
				CODE_SIGN_STYLE = Automatic;
				COMBINE_HIDPI_IMAGES = YES;
				CURRENT_PROJECT_VERSION = 1;
				DEVELOPMENT_ASSET_PATHS = "\"Gridiron/Preview Content\"";
				DEVELOPMENT_TEAM = DHN7ZP829E;
				ENABLE_HARDENED_RUNTIME = YES;
				ENABLE_PREVIEWS = YES;
				GENERATE_INFOPLIST_FILE = YES;
				INFOPLIST_KEY_NSHumanReadableCopyright = "";
				LD_RUNPATH_SEARCH_PATHS = (
					"$(inherited)",
					"@executable_path/../Frameworks",
				);
				MACOSX_DEPLOYMENT_TARGET = 14.0;
				MARKETING_VERSION = 1.0;
				PRODUCT_BUNDLE_IDENTIFIER = DHN7ZP829E.Gridiron;
				PRODUCT_NAME = "$(TARGET_NAME)";
				SWIFT_EMIT_LOC_STRINGS = YES;
				SWIFT_VERSION = 5.0;
			};
			name = Release;
		};
		39C1FAC42D6D7254001564B3 /* Debug */ = {
			isa = XCBuildConfiguration;
			buildSettings = {
				BUNDLE_LOADER = "$(TEST_HOST)";
				CODE_SIGN_STYLE = Automatic;
				CURRENT_PROJECT_VERSION = 1;
				DEVELOPMENT_TEAM = DHN7ZP829E;
				GENERATE_INFOPLIST_FILE = YES;
				MACOSX_DEPLOYMENT_TARGET = 14.0;
				MARKETING_VERSION = 1.0;
				PRODUCT_BUNDLE_IDENTIFIER = DHN7ZP829E.GridironTests;
				PRODUCT_NAME = "$(TARGET_NAME)";
				SWIFT_EMIT_LOC_STRINGS = NO;
				SWIFT_VERSION = 5.0;
				TEST_HOST = "$(BUILT_PRODUCTS_DIR)/Gridiron.app/$(BUNDLE_EXECUTABLE_FOLDER_PATH)/Gridiron";
			};
			name = Debug;
		};
		39C1FAC52D6D7254001564B3 /* Release */ = {
			isa = XCBuildConfiguration;
			buildSettings = {
				BUNDLE_LOADER = "$(TEST_HOST)";
				CODE_SIGN_STYLE = Automatic;
				CURRENT_PROJECT_VERSION = 1;
				DEVELOPMENT_TEAM = DHN7ZP829E;
				GENERATE_INFOPLIST_FILE = YES;
				MACOSX_DEPLOYMENT_TARGET = 14.0;
				MARKETING_VERSION = 1.0;
				PRODUCT_BUNDLE_IDENTIFIER = DHN7ZP829E.GridironTests;
				PRODUCT_NAME = "$(TARGET_NAME)";
				SWIFT_EMIT_LOC_STRINGS = NO;
				SWIFT_VERSION = 5.0;
				TEST_HOST = "$(BUILT_PRODUCTS_DIR)/Gridiron.app/$(BUNDLE_EXECUTABLE_FOLDER_PATH)/Gridiron";
			};
			name = Release;
		};
		39C1FAC72D6D7254001564B3 /* Debug */ = {
			isa = XCBuildConfiguration;
			buildSettings = {
				CODE_SIGN_STYLE = Automatic;
				CURRENT_PROJECT_VERSION = 1;
				DEVELOPMENT_TEAM = DHN7ZP829E;
				GENERATE_INFOPLIST_FILE = YES;
				MARKETING_VERSION = 1.0;
				PRODUCT_BUNDLE_IDENTIFIER = DHN7ZP829E.GridironUITests;
				PRODUCT_NAME = "$(TARGET_NAME)";
				SWIFT_EMIT_LOC_STRINGS = NO;
				SWIFT_VERSION = 5.0;
				TEST_TARGET_NAME = Gridiron;
			};
			name = Debug;
		};
		39C1FAC82D6D7254001564B3 /* Release */ = {
			isa = XCBuildConfiguration;
			buildSettings = {
				CODE_SIGN_STYLE = Automatic;
				CURRENT_PROJECT_VERSION = 1;
				DEVELOPMENT_TEAM = DHN7ZP829E;
				GENERATE_INFOPLIST_FILE = YES;
				MARKETING_VERSION = 1.0;
				PRODUCT_BUNDLE_IDENTIFIER = DHN7ZP829E.GridironUITests;
				PRODUCT_NAME = "$(TARGET_NAME)";
				SWIFT_EMIT_LOC_STRINGS = NO;
				SWIFT_VERSION = 5.0;
				TEST_TARGET_NAME = Gridiron;
			};
			name = Release;
		};
/* End XCBuildConfiguration section */

/* Begin XCConfigurationList section */
		39C1FA942D6D7253001564B3 /* Build configuration list for PBXProject "Gridiron" */ = {
			isa = XCConfigurationList;
			buildConfigurations = (
				39C1FABE2D6D7254001564B3 /* Debug */,
				39C1FABF2D6D7254001564B3 /* Release */,
			);
			defaultConfigurationIsVisible = 0;
			defaultConfigurationName = Release;
		};
		39C1FAC02D6D7254001564B3 /* Build configuration list for PBXNativeTarget "Gridiron" */ = {
			isa = XCConfigurationList;
			buildConfigurations = (
				39C1FAC12D6D7254001564B3 /* Debug */,
				39C1FAC22D6D7254001564B3 /* Release */,
			);
			defaultConfigurationIsVisible = 0;
			defaultConfigurationName = Release;
		};
		39C1FAC32D6D7254001564B3 /* Build configuration list for PBXNativeTarget "GridironTests" */ = {
			isa = XCConfigurationList;
			buildConfigurations = (
				39C1FAC42D6D7254001564B3 /* Debug */,
				39C1FAC52D6D7254001564B3 /* Release */,
			);
			defaultConfigurationIsVisible = 0;
			defaultConfigurationName = Release;
		};
		39C1FAC62D6D7254001564B3 /* Build configuration list for PBXNativeTarget "GridironUITests" */ = {
			isa = XCConfigurationList;
			buildConfigurations = (
				39C1FAC72D6D7254001564B3 /* Debug */,
				39C1FAC82D6D7254001564B3 /* Release */,
			);
			defaultConfigurationIsVisible = 0;
			defaultConfigurationName = Release;
		};
/* End XCConfigurationList section */
	};
	rootObject = 39C1FA912D6D7253001564B3 /* Project object */;
}
